
Microsoft Visual Studio Solution File, Format Version 12.00
# Visual Studio 15
Project("{FAE04EC0-301F-11D3-BF4B-00C04F79EFBC}") = "Assembly-CSharp", "Assembly-CSharp.csproj", "{F89CBCD8-BF0D-9B08-1F34-0A453BBA6D1E}"
EndProject
Global
	GlobalSection(SolutionConfigurationPlatforms) = preSolution
		Debug|Any CPU = Debug|Any CPU
		Release|Any CPU = Release|Any CPU
	EndGlobalSection
	GlobalSection(ProjectConfigurationPlatforms) = postSolution
		{F89CBCD8-BF0D-9B08-1F34-0A453BBA6D1E}.Debug|Any CPU.ActiveCfg = Debug|Any CPU
		{F89CBCD8-BF0D-9B08-1F34-0A453BBA6D1E}.Debug|Any CPU.Build.0 = Debug|Any CPU
		{F89CBCD8-BF0D-9B08-1F34-0A453BBA6D1E}.Release|Any CPU.ActiveCfg = Release|Any CPU
		{F89CBCD8-BF0D-9B08-1F34-0A453BBA6D1E}.Release|Any CPU.Build.0 = Release|Any CPU
	EndGlobalSection
	GlobalSection(SolutionProperties) = preSolution
		HideSolutionNode = FALSE
	EndGlobalSection
EndGlobal
